
Microsoft Visual Studio Solution File, Format Version 12.00
# Visual Studio Version 17
VisualStudioVersion = 17.6.33815.320
MinimumVisualStudioVersion = 10.0.40219.1
Project("{9A19103F-16F7-4668-BE54-9A1E7A4F7556}") = "SMARTBusinessTest.UnitTests", "SMARTBusinessTest.UnitTests\SMARTBusinessTest.UnitTests.csproj", "{55D9F071-A088-4F76-B8DF-F0C62434BE56}"
EndProject
Project("{9A19103F-16F7-4668-BE54-9A1E7A4F7556}") = "SMARTBusinessTest.Application", "SMARTBusinessTest.Application\SMARTBusinessTest.Application.csproj", "{1977F3F9-3032-4258-8CF1-8BBBB40C4B81}"
EndProject
Project("{9A19103F-16F7-4668-BE54-9A1E7A4F7556}") = "SMARTBusinessTest.Domain", "SMARTBusinessTest.Domain\SMARTBusinessTest.Domain.csproj", "{A5068121-5465-4BC3-89DD-86F7EA29AD14}"
EndProject
Project("{9A19103F-16F7-4668-BE54-9A1E7A4F7556}") = "SMARTBusinessTest.Infrastructure", "SMARTBusinessTest.Infrastructure\SMARTBusinessTest.Infrastructure.csproj", "{2EC78417-9578-4603-A356-20BD58CDC188}"
EndProject
Project("{9A19103F-16F7-4668-BE54-9A1E7A4F7556}") = "SMARTBusinessTest.Web", "SMARTBusinessTest.Web\SMARTBusinessTest.Web.csproj", "{CA0F5098-135B-4AA4-B43B-F806C515CCFD}"
EndProject
Project("{FAE04EC0-301F-11D3-BF4B-00C04F79EFBC}") = "SMARTBusinessTest.Functions", "SMARTBusinessTest.Functions\SMARTBusinessTest.Functions.csproj", "{00755692-79A6-4931-8E76-322169F801D2}"
EndProject
Global
	GlobalSection(SolutionConfigurationPlatforms) = preSolution
		Debug|Any CPU = Debug|Any CPU
		Release|Any CPU = Release|Any CPU
	EndGlobalSection
	GlobalSection(ProjectConfigurationPlatforms) = postSolution
		{55D9F071-A088-4F76-B8DF-F0C62434BE56}.Debug|Any CPU.ActiveCfg = Debug|Any CPU
		{55D9F071-A088-4F76-B8DF-F0C62434BE56}.Debug|Any CPU.Build.0 = Debug|Any CPU
		{55D9F071-A088-4F76-B8DF-F0C62434BE56}.Release|Any CPU.ActiveCfg = Release|Any CPU
		{55D9F071-A088-4F76-B8DF-F0C62434BE56}.Release|Any CPU.Build.0 = Release|Any CPU
		{1977F3F9-3032-4258-8CF1-8BBBB40C4B81}.Debug|Any CPU.ActiveCfg = Debug|Any CPU
		{1977F3F9-3032-4258-8CF1-8BBBB40C4B81}.Debug|Any CPU.Build.0 = Debug|Any CPU
		{1977F3F9-3032-4258-8CF1-8BBBB40C4B81}.Release|Any CPU.ActiveCfg = Release|Any CPU
		{1977F3F9-3032-4258-8CF1-8BBBB40C4B81}.Release|Any CPU.Build.0 = Release|Any CPU
		{A5068121-5465-4BC3-89DD-86F7EA29AD14}.Debug|Any CPU.ActiveCfg = Debug|Any CPU
		{A5068121-5465-4BC3-89DD-86F7EA29AD14}.Debug|Any CPU.Build.0 = Debug|Any CPU
		{A5068121-5465-4BC3-89DD-86F7EA29AD14}.Release|Any CPU.ActiveCfg = Release|Any CPU
		{A5068121-5465-4BC3-89DD-86F7EA29AD14}.Release|Any CPU.Build.0 = Release|Any CPU
		{2EC78417-9578-4603-A356-20BD58CDC188}.Debug|Any CPU.ActiveCfg = Debug|Any CPU
		{2EC78417-9578-4603-A356-20BD58CDC188}.Debug|Any CPU.Build.0 = Debug|Any CPU
		{2EC78417-9578-4603-A356-20BD58CDC188}.Release|Any CPU.ActiveCfg = Release|Any CPU
		{2EC78417-9578-4603-A356-20BD58CDC188}.Release|Any CPU.Build.0 = Release|Any CPU
		{CA0F5098-135B-4AA4-B43B-F806C515CCFD}.Debug|Any CPU.ActiveCfg = Debug|Any CPU
		{CA0F5098-135B-4AA4-B43B-F806C515CCFD}.Debug|Any CPU.Build.0 = Debug|Any CPU
		{CA0F5098-135B-4AA4-B43B-F806C515CCFD}.Release|Any CPU.ActiveCfg = Release|Any CPU
		{CA0F5098-135B-4AA4-B43B-F806C515CCFD}.Release|Any CPU.Build.0 = Release|Any CPU
		{00755692-79A6-4931-8E76-322169F801D2}.Debug|Any CPU.ActiveCfg = Debug|Any CPU
		{00755692-79A6-4931-8E76-322169F801D2}.Debug|Any CPU.Build.0 = Debug|Any CPU
		{00755692-79A6-4931-8E76-322169F801D2}.Release|Any CPU.ActiveCfg = Release|Any CPU
		{00755692-79A6-4931-8E76-322169F801D2}.Release|Any CPU.Build.0 = Release|Any CPU
	EndGlobalSection
	GlobalSection(SolutionProperties) = preSolution
		HideSolutionNode = FALSE
	EndGlobalSection
	GlobalSection(ExtensibilityGlobals) = postSolution
		SolutionGuid = {435ADB9E-73FD-4F50-90E2-DC97F26FE5A9}
	EndGlobalSection
EndGlobal
